// !$*UTF8*$!
{
	archiveVersion = 1;
	classes = {
	};
	objectVersion = 50;
	objects = {

/* Begin PBXBuildFile section */
		41DE829A269B48E200916A2A /* FutureForecast_UIApp.swift in Sources */ = {isa = PBXBuildFile; fileRef = 41DE8287269B48E000916A2A /* FutureForecast_UIApp.swift */; };
		41DE829B269B48E200916A2A /* FutureForecast_UIApp.swift in Sources */ = {isa = PBXBuildFile; fileRef = 41DE8287269B48E000916A2A /* FutureForecast_UIApp.swift */; };
		41DE829C269B48E200916A2A /* ContentView.swift in Sources */ = {isa = PBXBuildFile; fileRef = 41DE8288269B48E000916A2A /* ContentView.swift */; };
		41DE829D269B48E200916A2A /* ContentView.swift in Sources */ = {isa = PBXBuildFile; fileRef = 41DE8288269B48E000916A2A /* ContentView.swift */; };
		41DE829E269B48E200916A2A /* Assets.xcassets in Resources */ = {isa = PBXBuildFile; fileRef = 41DE8289269B48E200916A2A /* Assets.xcassets */; };
		41DE829F269B48E200916A2A /* Assets.xcassets in Resources */ = {isa = PBXBuildFile; fileRef = 41DE8289269B48E200916A2A /* Assets.xcassets */; };
/* End PBXBuildFile section */

/* Begin PBXFileReference section */
		41DE8287269B48E000916A2A /* FutureForecast_UIApp.swift */ = {isa = PBXFileReference; lastKnownFileType = sourcecode.swift; path = FutureForecast_UIApp.swift; sourceTree = "<group>"; };
		41DE8288269B48E000916A2A /* ContentView.swift */ = {isa = PBXFileReference; lastKnownFileType = sourcecode.swift; path = ContentView.swift; sourceTree = "<group>"; };
		41DE8289269B48E200916A2A /* Assets.xcassets */ = {isa = PBXFileReference; lastKnownFileType = folder.assetcatalog; path = Assets.xcassets; sourceTree = "<group>"; };
		41DE828E269B48E200916A2A /* FutureForecast-UI.app */ = {isa = PBXFileReference; explicitFileType = wrapper.application; includeInIndex = 0; path = "FutureForecast-UI.app"; sourceTree = BUILT_PRODUCTS_DIR; };
		41DE8291269B48E200916A2A /* Info.plist */ = {isa = PBXFileReference; lastKnownFileType = text.plist.xml; path = Info.plist; sourceTree = "<group>"; };
		41DE8296269B48E200916A2A /* FutureForecast-UI.app */ = {isa = PBXFileReference; explicitFileType = wrapper.application; includeInIndex = 0; path = "FutureForecast-UI.app"; sourceTree = BUILT_PRODUCTS_DIR; };
		41DE8298269B48E200916A2A /* Info.plist */ = {isa = PBXFileReference; lastKnownFileType = text.plist.xml; path = Info.plist; sourceTree = "<group>"; };
		41DE8299269B48E200916A2A /* macOS.entitlements */ = {isa = PBXFileReference; lastKnownFileType = text.plist.entitlements; path = macOS.entitlements; sourceTree = "<group>"; };
/* End PBXFileReference section */

/* Begin PBXFrameworksBuildPhase section */
		41DE828B269B48E200916A2A /* Frameworks */ = {
			isa = PBXFrameworksBuildPhase;
			buildActionMask = 2147483647;
			files = (
			);
			runOnlyForDeploymentPostprocessing = 0;
		};
		41DE8293269B48E200916A2A /* Frameworks */ = {
			isa = PBXFrameworksBuildPhase;
			buildActionMask = 2147483647;
			files = (
			);
			runOnlyForDeploymentPostprocessing = 0;
		};
/* End PBXFrameworksBuildPhase section */

/* Begin PBXGroup section */
		41DE8281269B48E000916A2A = {
			isa = PBXGroup;
			children = (
				41DE8286269B48E000916A2A /* Shared */,
				41DE8290269B48E200916A2A /* iOS */,
				41DE8297269B48E200916A2A /* macOS */,
				41DE828F269B48E200916A2A /* Products */,
			);
			sourceTree = "<group>";
		};
		41DE8286269B48E000916A2A /* Shared */ = {
			isa = PBXGroup;
			children = (
				41DE8287269B48E000916A2A /* FutureForecast_UIApp.swift */,
				41DE8288269B48E000916A2A /* ContentView.swift */,
				41DE8289269B48E200916A2A /* Assets.xcassets */,
			);
			path = Shared;
			sourceTree = "<group>";
		};
		41DE828F269B48E200916A2A /* Products */ = {
			isa = PBXGroup;
			children = (
				41DE828E269B48E200916A2A /* FutureForecast-UI.app */,
				41DE8296269B48E200916A2A /* FutureForecast-UI.app */,
			);
			name = Products;
			sourceTree = "<group>";
		};
		41DE8290269B48E200916A2A /* iOS */ = {
			isa = PBXGroup;
			children = (
				41DE8291269B48E200916A2A /* Info.plist */,
			);
			path = iOS;
			sourceTree = "<group>";
		};
		41DE8297269B48E200916A2A /* macOS */ = {
			isa = PBXGroup;
			children = (
				41DE8298269B48E200916A2A /* Info.plist */,
				41DE8299269B48E200916A2A /* macOS.entitlements */,
			);
			path = macOS;
			sourceTree = "<group>";
		};
/* End PBXGroup section */

/* Begin PBXNativeTarget section */
		41DE828D269B48E200916A2A /* FutureForecast-UI (iOS) */ = {
			isa = PBXNativeTarget;
			buildConfigurationList = 41DE82A2269B48E200916A2A /* Build configuration list for PBXNativeTarget "FutureForecast-UI (iOS)" */;
			buildPhases = (
				41DE828A269B48E200916A2A /* Sources */,
				41DE828B269B48E200916A2A /* Frameworks */,
				41DE828C269B48E200916A2A /* Resources */,
			);
			buildRules = (
			);
			dependencies = (
			);
			name = "FutureForecast-UI (iOS)";
			productName = "FutureForecast-UI (iOS)";
			productReference = 41DE828E269B48E200916A2A /* FutureForecast-UI.app */;
			productType = "com.apple.product-type.application";
		};
		41DE8295269B48E200916A2A /* FutureForecast-UI (macOS) */ = {
			isa = PBXNativeTarget;
			buildConfigurationList = 41DE82A5269B48E200916A2A /* Build configuration list for PBXNativeTarget "FutureForecast-UI (macOS)" */;
			buildPhases = (
				41DE8292269B48E200916A2A /* Sources */,
				41DE8293269B48E200916A2A /* Frameworks */,
				41DE8294269B48E200916A2A /* Resources */,
			);
			buildRules = (
			);
			dependencies = (
			);
			name = "FutureForecast-UI (macOS)";
			productName = "FutureForecast-UI (macOS)";
			productReference = 41DE8296269B48E200916A2A /* FutureForecast-UI.app */;
			productType = "com.apple.product-type.application";
		};
/* End PBXNativeTarget section */

/* Begin PBXProject section */
		41DE8282269B48E000916A2A /* Project object */ = {
			isa = PBXProject;
			attributes = {
				LastSwiftUpdateCheck = 1250;
				LastUpgradeCheck = 1250;
				TargetAttributes = {
					41DE828D269B48E200916A2A = {
						CreatedOnToolsVersion = 12.5.1;
					};
					41DE8295269B48E200916A2A = {
						CreatedOnToolsVersion = 12.5.1;
					};
				};
			};
			buildConfigurationList = 41DE8285269B48E000916A2A /* Build configuration list for PBXProject "FutureForecast-UI" */;
			compatibilityVersion = "Xcode 9.3";
			developmentRegion = en;
			hasScannedForEncodings = 0;
			knownRegions = (
				en,
				Base,
			);
			mainGroup = 41DE8281269B48E000916A2A;
			productRefGroup = 41DE828F269B48E200916A2A /* Products */;
			projectDirPath = "";
			projectRoot = "";
			targets = (
				41DE828D269B48E200916A2A /* FutureForecast-UI (iOS) */,
				41DE8295269B48E200916A2A /* FutureForecast-UI (macOS) */,
			);
		};
/* End PBXProject section */

/* Begin PBXResourcesBuildPhase section */
		41DE828C269B48E200916A2A /* Resources */ = {
			isa = PBXResourcesBuildPhase;
			buildActionMask = 2147483647;
			files = (
				41DE829E269B48E200916A2A /* Assets.xcassets in Resources */,
			);
			runOnlyForDeploymentPostprocessing = 0;
		};
		41DE8294269B48E200916A2A /* Resources */ = {
			isa = PBXResourcesBuildPhase;
			buildActionMask = 2147483647;
			files = (
				41DE829F269B48E200916A2A /* Assets.xcassets in Resources */,
			);
			runOnlyForDeploymentPostprocessing = 0;
		};
/* End PBXResourcesBuildPhase section */

/* Begin PBXSourcesBuildPhase section */
		41DE828A269B48E200916A2A /* Sources */ = {
			isa = PBXSourcesBuildPhase;
			buildActionMask = 2147483647;
			files = (
				41DE829C269B48E200916A2A /* ContentView.swift in Sources */,
				41DE829A269B48E200916A2A /* FutureForecast_UIApp.swift in Sources */,
			);
			runOnlyForDeploymentPostprocessing = 0;
		};
		41DE8292269B48E200916A2A /* Sources */ = {
			isa = PBXSourcesBuildPhase;
			buildActionMask = 2147483647;
			files = (
				41DE829D269B48E200916A2A /* ContentView.swift in Sources */,
				41DE829B269B48E200916A2A /* FutureForecast_UIApp.swift in Sources */,
			);
			runOnlyForDeploymentPostprocessing = 0;
		};
/* End PBXSourcesBuildPhase section */

/* Begin XCBuildConfiguration section */
		41DE82A0269B48E200916A2A /* Debug */ = {
			isa = XCBuildConfiguration;
			buildSettings = {
				ALWAYS_SEARCH_USER_PATHS = NO;
				CLANG_ANALYZER_NONNULL = YES;
				CLANG_ANALYZER_NUMBER_OBJECT_CONVERSION = YES_AGGRESSIVE;
				CLANG_CXX_LANGUAGE_STANDARD = "gnu++14";
				CLANG_CXX_LIBRARY = "libc++";
				CLANG_ENABLE_MODULES = YES;
				CLANG_ENABLE_OBJC_ARC = YES;
				CLANG_ENABLE_OBJC_WEAK = YES;
				CLANG_WARN_BLOCK_CAPTURE_AUTORELEASING = YES;
				CLANG_WARN_BOOL_CONVERSION = YES;
				CLANG_WARN_COMMA = YES;
				CLANG_WARN_CONSTANT_CONVERSION = YES;
				CLANG_WARN_DEPRECATED_OBJC_IMPLEMENTATIONS = YES;
				CLANG_WARN_DIRECT_OBJC_ISA_USAGE = YES_ERROR;
				CLANG_WARN_DOCUMENTATION_COMMENTS = YES;
				CLANG_WARN_EMPTY_BODY = YES;
				CLANG_WARN_ENUM_CONVERSION = YES;
				CLANG_WARN_INFINITE_RECURSION = YES;
				CLANG_WARN_INT_CONVERSION = YES;
				CLANG_WARN_NON_LITERAL_NULL_CONVERSION = YES;
				CLANG_WARN_OBJC_IMPLICIT_RETAIN_SELF = YES;
				CLANG_WARN_OBJC_LITERAL_CONVERSION = YES;
				CLANG_WARN_OBJC_ROOT_CLASS = YES_ERROR;
				CLANG_WARN_QUOTED_INCLUDE_IN_FRAMEWORK_HEADER = YES;
				CLANG_WARN_RANGE_LOOP_ANALYSIS = YES;
				CLANG_WARN_STRICT_PROTOTYPES = YES;
				CLANG_WARN_SUSPICIOUS_MOVE = YES;
				CLANG_WARN_UNGUARDED_AVAILABILITY = YES_AGGRESSIVE;
				CLANG_WARN_UNREACHABLE_CODE = YES;
				CLANG_WARN__DUPLICATE_METHOD_MATCH = YES;
				COPY_PHASE_STRIP = NO;
				DEBUG_INFORMATION_FORMAT = dwarf;
				ENABLE_STRICT_OBJC_MSGSEND = YES;
				ENABLE_TESTABILITY = YES;
				GCC_C_LANGUAGE_STANDARD = gnu11;
				GCC_DYNAMIC_NO_PIC = NO;
				GCC_NO_COMMON_BLOCKS = YES;
				GCC_OPTIMIZATION_LEVEL = 0;
				GCC_PREPROCESSOR_DEFINITIONS = (
					"DEBUG=1",
					"$(inherited)",
				);
				GCC_WARN_64_TO_32_BIT_CONVERSION = YES;
				GCC_WARN_ABOUT_RETURN_TYPE = YES_ERROR;
				GCC_WARN_UNDECLARED_SELECTOR = YES;
				GCC_WARN_UNINITIALIZED_AUTOS = YES_AGGRESSIVE;
				GCC_WARN_UNUSED_FUNCTION = YES;
				GCC_WARN_UNUSED_VARIABLE = YES;
				MTL_ENABLE_DEBUG_INFO = INCLUDE_SOURCE;
				MTL_FAST_MATH = YES;
				ONLY_ACTIVE_ARCH = YES;
				SWIFT_ACTIVE_COMPILATION_CONDITIONS = DEBUG;
				SWIFT_OPTIMIZATION_LEVEL = "-Onone";
			};
			name = Debug;
		};
		41DE82A1269B48E200916A2A /* Release */ = {
			isa = XCBuildConfiguration;
			buildSettings = {
				ALWAYS_SEARCH_USER_PATHS = NO;
				CLANG_ANALYZER_NONNULL = YES;
				CLANG_ANALYZER_NUMBER_OBJECT_CONVERSION = YES_AGGRESSIVE;
				CLANG_CXX_LANGUAGE_STANDARD = "gnu++14";
				CLANG_CXX_LIBRARY = "libc++";
				CLANG_ENABLE_MODULES = YES;
				CLANG_ENABLE_OBJC_ARC = YES;
				CLANG_ENABLE_OBJC_WEAK = YES;
				CLANG_WARN_BLOCK_CAPTURE_AUTORELEASING = YES;
				CLANG_WARN_BOOL_CONVERSION = YES;
				CLANG_WARN_COMMA = YES;
				CLANG_WARN_CONSTANT_CONVERSION = YES;
				CLANG_WARN_DEPRECATED_OBJC_IMPLEMENTATIONS = YES;
				CLANG_WARN_DIRECT_OBJC_ISA_USAGE = YES_ERROR;
				CLANG_WARN_DOCUMENTATION_COMMENTS = YES;
				CLANG_WARN_EMPTY_BODY = YES;
				CLANG_WARN_ENUM_CONVERSION = YES;
				CLANG_WARN_INFINITE_RECURSION = YES;
				CLANG_WARN_INT_CONVERSION = YES;
				CLANG_WARN_NON_LITERAL_NULL_CONVERSION = YES;
				CLANG_WARN_OBJC_IMPLICIT_RETAIN_SELF = YES;
				CLANG_WARN_OBJC_LITERAL_CONVERSION = YES;
				CLANG_WARN_OBJC_ROOT_CLASS = YES_ERROR;
				CLANG_WARN_QUOTED_INCLUDE_IN_FRAMEWORK_HEADER = YES;
				CLANG_WARN_RANGE_LOOP_ANALYSIS = YES;
				CLANG_WARN_STRICT_PROTOTYPES = YES;
				CLANG_WARN_SUSPICIOUS_MOVE = YES;
				CLANG_WARN_UNGUARDED_AVAILABILITY = YES_AGGRESSIVE;
				CLANG_WARN_UNREACHABLE_CODE = YES;
				CLANG_WARN__DUPLICATE_METHOD_MATCH = YES;
				COPY_PHASE_STRIP = NO;
				DEBUG_INFORMATION_FORMAT = "dwarf-with-dsym";
				ENABLE_NS_ASSERTIONS = NO;
				ENABLE_STRICT_OBJC_MSGSEND = YES;
				GCC_C_LANGUAGE_STANDARD = gnu11;
				GCC_NO_COMMON_BLOCKS = YES;
				GCC_WARN_64_TO_32_BIT_CONVERSION = YES;
				GCC_WARN_ABOUT_RETURN_TYPE = YES_ERROR;
				GCC_WARN_UNDECLARED_SELECTOR = YES;
				GCC_WARN_UNINITIALIZED_AUTOS = YES_AGGRESSIVE;
				GCC_WARN_UNUSED_FUNCTION = YES;
				GCC_WARN_UNUSED_VARIABLE = YES;
				MTL_ENABLE_DEBUG_INFO = NO;
				MTL_FAST_MATH = YES;
				SWIFT_COMPILATION_MODE = wholemodule;
				SWIFT_OPTIMIZATION_LEVEL = "-O";
			};
			name = Release;
		};
		41DE82A3269B48E200916A2A /* Debug */ = {
			isa = XCBuildConfiguration;
			buildSettings = {
				ASSETCATALOG_COMPILER_APPICON_NAME = AppIcon;
				ASSETCATALOG_COMPILER_GLOBAL_ACCENT_COLOR_NAME = AccentColor;
				CODE_SIGN_STYLE = Automatic;
				DEVELOPMENT_TEAM = 947MDTH7AR;
				ENABLE_PREVIEWS = YES;
				INFOPLIST_FILE = iOS/Info.plist;
				IPHONEOS_DEPLOYMENT_TARGET = 14.0;
				LD_RUNPATH_SEARCH_PATHS = (
					"$(inherited)",
					"@executable_path/Frameworks",
				);
				PRODUCT_BUNDLE_IDENTIFIER = "FrankfurtIndustries.FutureForecast-UI";
				PRODUCT_NAME = "FutureForecast-UI";
				SDKROOT = iphoneos;
				SWIFT_VERSION = 5.0;
				TARGETED_DEVICE_FAMILY = "1,2";
			};
			name = Debug;
		};
		41DE82A4269B48E200916A2A /* Release */ = {
			isa = XCBuildConfiguration;
			buildSettings = {
				ASSETCATALOG_COMPILER_APPICON_NAME = AppIcon;
				ASSETCATALOG_COMPILER_GLOBAL_ACCENT_COLOR_NAME = AccentColor;
				CODE_SIGN_STYLE = Automatic;
				DEVELOPMENT_TEAM = 947MDTH7AR;
				ENABLE_PREVIEWS = YES;
				INFOPLIST_FILE = iOS/Info.plist;
				IPHONEOS_DEPLOYMENT_TARGET = 14.0;
				LD_RUNPATH_SEARCH_PATHS = (
					"$(inherited)",
					"@executable_path/Frameworks",
				);
				PRODUCT_BUNDLE_IDENTIFIER = "FrankfurtIndustries.FutureForecast-UI";
				PRODUCT_NAME = "FutureForecast-UI";
				SDKROOT = iphoneos;
				SWIFT_VERSION = 5.0;
				TARGETED_DEVICE_FAMILY = "1,2";
				VALIDATE_PRODUCT = YES;
			};
			name = Release;
		};
		41DE82A6269B48E200916A2A /* Debug */ = {
			isa = XCBuildConfiguration;
			buildSettings = {
				ASSETCATALOG_COMPILER_APPICON_NAME = AppIcon;
				ASSETCATALOG_COMPILER_GLOBAL_ACCENT_COLOR_NAME = AccentColor;
				CODE_SIGN_ENTITLEMENTS = macOS/macOS.entitlements;
				CODE_SIGN_STYLE = Automatic;
				COMBINE_HIDPI_IMAGES = YES;
				DEVELOPMENT_TEAM = 947MDTH7AR;
				ENABLE_HARDENED_RUNTIME = YES;
				ENABLE_PREVIEWS = YES;
				INFOPLIST_FILE = macOS/Info.plist;
				LD_RUNPATH_SEARCH_PATHS = (
					"$(inherited)",
					"@executable_path/../Frameworks",
				);
				MACOSX_DEPLOYMENT_TARGET = 11.0;
				PRODUCT_BUNDLE_IDENTIFIER = "FrankfurtIndustries.FutureForecast-UI";
				PRODUCT_NAME = "FutureForecast-UI";
				SDKROOT = macosx;
				SWIFT_VERSION = 5.0;
			};
			name = Debug;
		};
		41DE82A7269B48E200916A2A /* Release */ = {
			isa = XCBuildConfiguration;
			buildSettings = {
				ASSETCATALOG_COMPILER_APPICON_NAME = AppIcon;
				ASSETCATALOG_COMPILER_GLOBAL_ACCENT_COLOR_NAME = AccentColor;
				CODE_SIGN_ENTITLEMENTS = macOS/macOS.entitlements;
				CODE_SIGN_STYLE = Automatic;
				COMBINE_HIDPI_IMAGES = YES;
				DEVELOPMENT_TEAM = 947MDTH7AR;
				ENABLE_HARDENED_RUNTIME = YES;
				ENABLE_PREVIEWS = YES;
				INFOPLIST_FILE = macOS/Info.plist;
				LD_RUNPATH_SEARCH_PATHS = (
					"$(inherited)",
					"@executable_path/../Frameworks",
				);
				MACOSX_DEPLOYMENT_TARGET = 11.0;
				PRODUCT_BUNDLE_IDENTIFIER = "FrankfurtIndustries.FutureForecast-UI";
				PRODUCT_NAME = "FutureForecast-UI";
				SDKROOT = macosx;
				SWIFT_VERSION = 5.0;
			};
			name = Release;
		};
/* End XCBuildConfiguration section */

/* Begin XCConfigurationList section */
		41DE8285269B48E000916A2A /* Build configuration list for PBXProject "FutureForecast-UI" */ = {
			isa = XCConfigurationList;
			buildConfigurations = (
				41DE82A0269B48E200916A2A /* Debug */,
				41DE82A1269B48E200916A2A /* Release */,
			);
			defaultConfigurationIsVisible = 0;
			defaultConfigurationName = Release;
		};
		41DE82A2269B48E200916A2A /* Build configuration list for PBXNativeTarget "FutureForecast-UI (iOS)" */ = {
			isa = XCConfigurationList;
			buildConfigurations = (
				41DE82A3269B48E200916A2A /* Debug */,
				41DE82A4269B48E200916A2A /* Release */,
			);
			defaultConfigurationIsVisible = 0;
			defaultConfigurationName = Release;
		};
		41DE82A5269B48E200916A2A /* Build configuration list for PBXNativeTarget "FutureForecast-UI (macOS)" */ = {
			isa = XCConfigurationList;
			buildConfigurations = (
				41DE82A6269B48E200916A2A /* Debug */,
				41DE82A7269B48E200916A2A /* Release */,
			);
			defaultConfigurationIsVisible = 0;
			defaultConfigurationName = Release;
		};
/* End XCConfigurationList section */
	};
	rootObject = 41DE8282269B48E000916A2A /* Project object */;
}
